<?xml version="1.0" encoding="utf-8"?>
<Project ToolsVersion="4.0" xmlns="http://schemas.microsoft.com/developer/msbuild/2003">
  <ItemGroup>
    <Filter Include="Source Files">
      <UniqueIdentifier>{4FC737F1-C7A5-4376-A066-2A32D752A2FF}</UniqueIdentifier>
      <Extensions>cpp;c;cc;cxx;def;odl;idl;hpj;bat;asm;asmx</Extensions>
    </Filter>
    <Filter Include="Resource Files">
      <UniqueIdentifier>{D9D6E242-F8AF-46E4-B9FD-80ECBC20BA3E}</UniqueIdentifier>
      <Extensions>qrc;*</Extensions>
      <ParseFiles>false</ParseFiles>
    </Filter>
    <Filter Include="Form Files">
      <UniqueIdentifier>{99349809-55BA-4b9d-BF79-8FDBB0286EB3}</UniqueIdentifier>
      <Extensions>ui</Extensions>
    </Filter>
    <Filter Include="Resource Files">
      <UniqueIdentifier>{D9D6E242-F8AF-46E4-B9FD-80ECBC20BA3E}</UniqueIdentifier>
      <Extensions>qrc;*</Extensions>
      <ParseFiles>false</ParseFiles>
    </Filter>
    <Filter Include="Generated Files">
      <UniqueIdentifier>{71ED8ED8-ACB9-4CE9-BBE1-E00B30144E11}</UniqueIdentifier>
      <Extensions>moc;h;cpp</Extensions>
      <SourceControlFiles>False</SourceControlFiles>
    </Filter>
    <Filter Include="Generated Files\Debug">
      <UniqueIdentifier>{6802bd3f-c0e3-417a-a6b7-7250ce701c56}</UniqueIdentifier>
      <Extensions>cpp;moc</Extensions>
      <SourceControlFiles>False</SourceControlFiles>
    </Filter>
    <Filter Include="Generated Files\Release">
      <UniqueIdentifier>{ff518b06-8ca0-47b3-949a-fa1c11bf44ab}</UniqueIdentifier>
      <Extensions>cpp;moc</Extensions>
      <SourceControlFiles>False</SourceControlFiles>
    </Filter>
    <Filter Include="AppConfig">
      <UniqueIdentifier>{c7ae1008-acf3-4c15-a041-6ea405565979}</UniqueIdentifier>
    </Filter>
    <Filter Include="Models">
      <UniqueIdentifier>{b4f0d019-791b-4690-88dd-284cb3934ccf}</UniqueIdentifier>
    </Filter>
    <Filter Include="Models\GrDB">
      <UniqueIdentifier>{0c3ada23-5b87-45cf-bbfe-f2206204c065}</UniqueIdentifier>
    </Filter>
    <Filter Include="Models\DB">
      <UniqueIdentifier>{371a1d1c-2074-4a06-bf3c-1139da5bcd6a}</UniqueIdentifier>
    </Filter>
    <Filter Include="Header Files">
      <UniqueIdentifier>{93995380-89BD-4b04-88EB-625FBE52EBFB}</UniqueIdentifier>
      <Extensions>h;hh;hpp;hxx;hm;inl;inc;xsd</Extensions>
    </Filter>
    <Filter Include="LoginForm">
      <UniqueIdentifier>{6dc518c7-528e-4204-8b8e-24ec98661b61}</UniqueIdentifier>
    </Filter>
    <Filter Include="FormEndDb">
      <UniqueIdentifier>{98863359-e7be-474e-88f3-384604fd28f4}</UniqueIdentifier>
    </Filter>
  </ItemGroup>
  <ItemGroup>
    <ClCompile Include="main.cpp">
      <Filter>Source Files</Filter>
    </ClCompile>
    <ClCompile Include="stdafx.cpp">
      <Filter>Source Files</Filter>
    </ClCompile>
    <ClCompile Include="GeneratedFiles\Debug\moc_KeyDistributionCenter.cpp">
      <Filter>Generated Files\Debug</Filter>
    </ClCompile>
    <ClCompile Include="GeneratedFiles\Release\moc_KeyDistributionCenter.cpp">
      <Filter>Generated Files\Release</Filter>
    </ClCompile>
    <ClCompile Include="GeneratedFiles\qrc_KeyDistributionCenter.cpp">
      <Filter>Generated Files</Filter>
    </ClCompile>
    <ClCompile Include="GeneratedFiles\Debug\moc_ToolTipMessage.cpp">
      <Filter>Generated Files\Debug</Filter>
    </ClCompile>
    <ClCompile Include="GeneratedFiles\Release\moc_ToolTipMessage.cpp">
      <Filter>Generated Files\Release</Filter>
    </ClCompile>
    <ClCompile Include="AppConfig\AppConfig.cpp">
      <Filter>AppConfig</Filter>
    </ClCompile>
    <ClCompile Include="LoginForm\LoginForm.cpp">
      <Filter>LoginForm</Filter>
    </ClCompile>
    <ClCompile Include="GeneratedFiles\Debug\moc_LoginForm.cpp">
      <Filter>Generated Files\Debug</Filter>
    </ClCompile>
    <ClCompile Include="GeneratedFiles\Release\moc_LoginForm.cpp">
      <Filter>Generated Files\Release</Filter>
    </ClCompile>
    <ClCompile Include="KeyDistributionCenter.cpp">
      <Filter>Source Files</Filter>
    </ClCompile>
  </ItemGroup>
  <ItemGroup>
    <ClInclude Include="stdafx.h">
      <Filter>Header Files</Filter>
    </ClInclude>
    <ClInclude Include="GeneratedFiles\ui_KeyDistributionCenter.h">
      <Filter>Generated Files</Filter>
    </ClInclude>
    <ClInclude Include="СertificateСreator\ExtensionField.h">
      <Filter>Header Files</Filter>
    </ClInclude>
    <ClInclude Include="DbConnection\DbResult.h">
      <Filter>Header Files</Filter>
    </ClInclude>
    <ClInclude Include="GeneratedFiles\ui_LoginForm.h">
      <Filter>Generated Files</Filter>
    </ClInclude>
    <ClInclude Include="AppConfig\AppConfig.h">
      <Filter>AppConfig</Filter>
    </ClInclude>
  </ItemGroup>
  <ItemGroup>
    <CustomBuild Include="KeyDistributionCenter.h">
      <Filter>Header Files</Filter>
    </CustomBuild>
    <CustomBuild Include="KeyDistributionCenter.ui">
      <Filter>Form Files</Filter>
    </CustomBuild>
    <CustomBuild Include="KeyDistributionCenter.qrc">
      <Filter>Resource Files</Filter>
    </CustomBuild>
    <CustomBuild Include="LoginForm.ui">
      <Filter>Form Files</Filter>
    </CustomBuild>
    <CustomBuild Include="LoginForm\LoginForm.h">
      <Filter>LoginForm</Filter>
    </CustomBuild>
  </ItemGroup>
</Project>