<?xml version="1.0" encoding="utf-8"?>
<Project ToolsVersion="4.0" xmlns="http://schemas.microsoft.com/developer/msbuild/2003">
  <ItemGroup>
    <Filter Include="Source Files">
      <UniqueIdentifier>{4FC737F1-C7A5-4376-A066-2A32D752A2FF}</UniqueIdentifier>
      <Extensions>cpp;c;cc;cxx;def;odl;idl;hpj;bat;asm;asmx</Extensions>
    </Filter>
    <Filter Include="Header Files">
      <UniqueIdentifier>{93995380-89BD-4b04-88EB-625FBE52EBFB}</UniqueIdentifier>
      <Extensions>h;hh;hpp;hxx;hm;inl;inc;xsd</Extensions>
    </Filter>
    <Filter Include="Resource Files">
      <UniqueIdentifier>{D9D6E242-F8AF-46E4-B9FD-80ECBC20BA3E}</UniqueIdentifier>
      <Extensions>qrc;*</Extensions>
      <ParseFiles>false</ParseFiles>
    </Filter>
    <Filter Include="Resource Files">
      <UniqueIdentifier>{D9D6E242-F8AF-46E4-B9FD-80ECBC20BA3E}</UniqueIdentifier>
      <Extensions>qrc;*</Extensions>
      <ParseFiles>false</ParseFiles>
    </Filter>
    <Filter Include="Generated Files">
      <UniqueIdentifier>{71ED8ED8-ACB9-4CE9-BBE1-E00B30144E11}</UniqueIdentifier>
      <Extensions>moc;h;cpp</Extensions>
      <SourceControlFiles>False</SourceControlFiles>
    </Filter>
    <Filter Include="AES">
      <UniqueIdentifier>{6937975d-6097-40c7-8d5b-81e505a452cb}</UniqueIdentifier>
    </Filter>
    <Filter Include="ApiKey">
      <UniqueIdentifier>{2f80ce62-4469-4161-a05c-b16cda8104bb}</UniqueIdentifier>
    </Filter>
  </ItemGroup>
  <ItemGroup>
    <ClCompile Include="libHwKey.cpp">
      <Filter>Source Files</Filter>
    </ClCompile>
    <ClCompile Include="UsbKey.cpp">
      <Filter>Source Files</Filter>
    </ClCompile>
    <ClCompile Include="AES\src\aes_blocks_dec.c">
      <Filter>AES</Filter>
    </ClCompile>
    <ClCompile Include="AES\src\aes_blocks_enc.c">
      <Filter>AES</Filter>
    </ClCompile>
    <ClCompile Include="AES\src\aes_dec.c">
      <Filter>AES</Filter>
    </ClCompile>
    <ClCompile Include="AES\src\aes_enc.c">
      <Filter>AES</Filter>
    </ClCompile>
    <ClCompile Include="AES\src\aes_invsbox.c">
      <Filter>AES</Filter>
    </ClCompile>
    <ClCompile Include="AES\src\aes_keyschedule.c">
      <Filter>AES</Filter>
    </ClCompile>
    <ClCompile Include="AES\src\aes_sbox.c">
      <Filter>AES</Filter>
    </ClCompile>
    <ClCompile Include="AES\src\aes128_dec.c">
      <Filter>AES</Filter>
    </ClCompile>
    <ClCompile Include="AES\src\aes128_enc.c">
      <Filter>AES</Filter>
    </ClCompile>
    <ClCompile Include="AES\src\aes192_dec.c">
      <Filter>AES</Filter>
    </ClCompile>
    <ClCompile Include="AES\src\aes192_enc.c">
      <Filter>AES</Filter>
    </ClCompile>
    <ClCompile Include="AES\src\aes256_dec.c">
      <Filter>AES</Filter>
    </ClCompile>
    <ClCompile Include="AES\src\aes256_enc.c">
      <Filter>AES</Filter>
    </ClCompile>
    <ClCompile Include="AES\src\gf256mul.c">
      <Filter>AES</Filter>
    </ClCompile>
    <ClCompile Include="ApiKey\ApiKey.cpp">
      <Filter>ApiKey</Filter>
    </ClCompile>
  </ItemGroup>
  <ItemGroup>
    <ClInclude Include="libHwKey.h">
      <Filter>Header Files</Filter>
    </ClInclude>
    <ClInclude Include="UsbKey.h">
      <Filter>Header Files</Filter>
    </ClInclude>
    <ClInclude Include="ApiKey\ApiKey.h">
      <Filter>ApiKey</Filter>
    </ClInclude>
  </ItemGroup>
  <ItemGroup>
    <ClInclude Include="libhwkey_global.h">
      <Filter>Header Files</Filter>
    </ClInclude>
  </ItemGroup>
  <ItemGroup>
    <Text Include="ReadMe.txt" />
  </ItemGroup>
</Project>