<?xml version="1.0" encoding="utf-8"?>
<Project ToolsVersion="4.0" xmlns="http://schemas.microsoft.com/developer/msbuild/2003">
  <ItemGroup>
    <Filter Include="Source Files">
      <UniqueIdentifier>{4FC737F1-C7A5-4376-A066-2A32D752A2FF}</UniqueIdentifier>
      <Extensions>cpp;c;cc;cxx;def;odl;idl;hpj;bat;asm;asmx</Extensions>
    </Filter>
    <Filter Include="Header Files">
      <UniqueIdentifier>{93995380-89BD-4b04-88EB-625FBE52EBFB}</UniqueIdentifier>
      <Extensions>h;hh;hpp;hxx;hm;inl;inc;xsd</Extensions>
    </Filter>
    <Filter Include="Resource Files">
      <UniqueIdentifier>{D9D6E242-F8AF-46E4-B9FD-80ECBC20BA3E}</UniqueIdentifier>
      <Extensions>qrc;*</Extensions>
      <ParseFiles>false</ParseFiles>
    </Filter>
    <Filter Include="Form Files">
      <UniqueIdentifier>{99349809-55BA-4b9d-BF79-8FDBB0286EB3}</UniqueIdentifier>
      <Extensions>ui</Extensions>
    </Filter>
    <Filter Include="Resource Files">
      <UniqueIdentifier>{D9D6E242-F8AF-46E4-B9FD-80ECBC20BA3E}</UniqueIdentifier>
      <Extensions>qrc;*</Extensions>
      <ParseFiles>false</ParseFiles>
    </Filter>
    <Filter Include="Generated Files">
      <UniqueIdentifier>{71ED8ED8-ACB9-4CE9-BBE1-E00B30144E11}</UniqueIdentifier>
      <Extensions>moc;h;cpp</Extensions>
      <SourceControlFiles>False</SourceControlFiles>
    </Filter>
    <Filter Include="Generated Files\Debug">
      <UniqueIdentifier>{f17d248a-4c2f-4f1c-8765-2c87b911d31a}</UniqueIdentifier>
      <Extensions>cpp;moc</Extensions>
      <SourceControlFiles>False</SourceControlFiles>
    </Filter>
    <Filter Include="Generated Files\Release">
      <UniqueIdentifier>{cd65a90f-0434-422d-91b5-e96449c94d2a}</UniqueIdentifier>
      <Extensions>cpp;moc</Extensions>
      <SourceControlFiles>False</SourceControlFiles>
    </Filter>
    <Filter Include="Forms">
      <UniqueIdentifier>{9a0e8393-4e7c-4f49-9dd0-a81ea15c9de6}</UniqueIdentifier>
    </Filter>
    <Filter Include="PathSettings">
      <UniqueIdentifier>{50f20211-1f47-41b3-8ed4-459dec1b8469}</UniqueIdentifier>
    </Filter>
    <Filter Include="AboutProgramForm">
      <UniqueIdentifier>{c88e8a5e-ec5f-4e2e-a939-09bbf9fb904b}</UniqueIdentifier>
    </Filter>
    <Filter Include="ProductKeyForm">
      <UniqueIdentifier>{66b996f0-ef59-475c-ac47-c6e194ca7145}</UniqueIdentifier>
    </Filter>
  </ItemGroup>
  <ItemGroup>
    <ClCompile Include="main.cpp">
      <Filter>Source Files</Filter>
    </ClCompile>
    <ClCompile Include="GranitCrypt.cpp">
      <Filter>Source Files</Filter>
    </ClCompile>
    <ClCompile Include="GeneratedFiles\Debug\moc_GranitCrypt.cpp">
      <Filter>Generated Files\Debug</Filter>
    </ClCompile>
    <ClCompile Include="GeneratedFiles\Release\moc_GranitCrypt.cpp">
      <Filter>Generated Files\Release</Filter>
    </ClCompile>
    <ClCompile Include="GeneratedFiles\qrc_GranitCrypt.cpp">
      <Filter>Generated Files</Filter>
    </ClCompile>
    <ClCompile Include="stdafx.cpp">
      <Filter>Header Files</Filter>
    </ClCompile>
    <ClCompile Include="GeneratedFiles\Debug\moc_SelectKeyForm.cpp">
      <Filter>Generated Files\Debug</Filter>
    </ClCompile>
    <ClCompile Include="GeneratedFiles\Release\moc_SelectKeyForm.cpp">
      <Filter>Generated Files\Release</Filter>
    </ClCompile>
    <ClCompile Include="GeneratedFiles\Debug\moc_RequirePswForm.cpp">
      <Filter>Generated Files\Debug</Filter>
    </ClCompile>
    <ClCompile Include="GeneratedFiles\Release\moc_RequirePswForm.cpp">
      <Filter>Generated Files\Release</Filter>
    </ClCompile>
    <ClCompile Include="RequirePswForm.cpp">
      <Filter>Source Files</Filter>
    </ClCompile>
    <ClCompile Include="SelectKeyForm.cpp">
      <Filter>Forms</Filter>
    </ClCompile>
    <ClCompile Include="PathSettings.cpp">
      <Filter>PathSettings</Filter>
    </ClCompile>
    <ClCompile Include="GeneratedFiles\Debug\moc_AboutProgramForm.cpp">
      <Filter>Generated Files\Debug</Filter>
    </ClCompile>
    <ClCompile Include="GeneratedFiles\Release\moc_AboutProgramForm.cpp">
      <Filter>Generated Files\Release</Filter>
    </ClCompile>
    <ClCompile Include="AboutProgramForm.cpp">
      <Filter>AboutProgramForm</Filter>
    </ClCompile>
    <ClCompile Include="GeneratedFiles\Debug\moc_ProductKeyForm.cpp">
      <Filter>Generated Files\Debug</Filter>
    </ClCompile>
    <ClCompile Include="GeneratedFiles\Release\moc_ProductKeyForm.cpp">
      <Filter>Generated Files\Release</Filter>
    </ClCompile>
    <ClCompile Include="ProductKeyForm.cpp">
      <Filter>ProductKeyForm</Filter>
    </ClCompile>
    <ClCompile Include="KeyGen.cpp">
      <Filter>Source Files</Filter>
    </ClCompile>
    <ClCompile Include="GeneratedFiles\Debug\moc_KeyGen.cpp">
      <Filter>Generated Files\Debug</Filter>
    </ClCompile>
    <ClCompile Include="GeneratedFiles\Release\moc_KeyGen.cpp">
      <Filter>Generated Files\Release</Filter>
    </ClCompile>
  </ItemGroup>
  <ItemGroup>
    <CustomBuild Include="GranitCrypt.h">
      <Filter>Header Files</Filter>
    </CustomBuild>
    <CustomBuild Include="GranitCrypt.ui">
      <Filter>Form Files</Filter>
    </CustomBuild>
    <CustomBuild Include="GranitCrypt.qrc">
      <Filter>Resource Files</Filter>
    </CustomBuild>
    <CustomBuild Include="SelectKeyForm.ui">
      <Filter>Form Files</Filter>
    </CustomBuild>
    <CustomBuild Include="RequirePswForm.h">
      <Filter>Header Files</Filter>
    </CustomBuild>
    <CustomBuild Include="RequirePswForm.ui">
      <Filter>Form Files</Filter>
    </CustomBuild>
    <CustomBuild Include="SelectKeyForm.h">
      <Filter>Forms</Filter>
    </CustomBuild>
    <CustomBuild Include="AboutProgramForm.ui">
      <Filter>Form Files</Filter>
    </CustomBuild>
    <CustomBuild Include="AboutProgramForm.h">
      <Filter>AboutProgramForm</Filter>
    </CustomBuild>
    <CustomBuild Include="ProductKeyForm.ui">
      <Filter>Form Files</Filter>
    </CustomBuild>
    <CustomBuild Include="ProductKeyForm.h">
      <Filter>ProductKeyForm</Filter>
    </CustomBuild>
    <CustomBuild Include="KeyGen.ui">
      <Filter>Form Files</Filter>
    </CustomBuild>
    <CustomBuild Include="KeyGen.h">
      <Filter>Header Files</Filter>
    </CustomBuild>
  </ItemGroup>
  <ItemGroup>
    <ClInclude Include="GeneratedFiles\ui_GranitCrypt.h">
      <Filter>Generated Files</Filter>
    </ClInclude>
    <ClInclude Include="stdafx.h">
      <Filter>Header Files</Filter>
    </ClInclude>
    <ClInclude Include="GeneratedFiles\ui_SelectKeyForm.h">
      <Filter>Generated Files</Filter>
    </ClInclude>
    <ClInclude Include="GeneratedFiles\ui_RequirePswForm.h">
      <Filter>Generated Files</Filter>
    </ClInclude>
    <ClInclude Include="PathSettings.h">
      <Filter>PathSettings</Filter>
    </ClInclude>
    <ClInclude Include="GeneratedFiles\ui_AboutProgramForm.h">
      <Filter>Generated Files</Filter>
    </ClInclude>
    <ClInclude Include="GeneratedFiles\ui_ProductKeyForm.h">
      <Filter>Generated Files</Filter>
    </ClInclude>
    <ClInclude Include="GeneratedFiles\ui_KeyGen.h">
      <Filter>Generated Files</Filter>
    </ClInclude>
  </ItemGroup>
  <ItemGroup>
    <Text Include="ReadMe.txt" />
  </ItemGroup>
</Project>