
Microsoft Visual Studio Solution File, Format Version 12.00
# Visual Studio 14
VisualStudioVersion = 14.0.25420.1
MinimumVisualStudioVersion = 10.0.40219.1
Project("{8BC9CEB8-8B4A-11D0-8D11-00A0C91BC942}") = "GranitCrypt", "GranitCrypt\GranitCrypt.vcxproj", "{B12702AD-ABFB-343A-A199-8E24837244A3}"
	ProjectSection(ProjectDependencies) = postProject
		{3B841947-34D5-48B0-88B1-BB27EFB67FE1} = {3B841947-34D5-48B0-88B1-BB27EFB67FE1}
		{7DF1E863-C5C5-4D91-977A-B34C8C6A96BB} = {7DF1E863-C5C5-4D91-977A-B34C8C6A96BB}
		{CC756A84-BB41-4DFD-A1F7-A361641746D5} = {CC756A84-BB41-4DFD-A1F7-A361641746D5}
		{A38F638F-2E9F-4217-BFF7-8AEB15EC02AB} = {A38F638F-2E9F-4217-BFF7-8AEB15EC02AB}
	EndProjectSection
EndProject
Project("{8BC9CEB8-8B4A-11D0-8D11-00A0C91BC942}") = "libVr5b", "libVr5b\libVr5b.vcxproj", "{A38F638F-2E9F-4217-BFF7-8AEB15EC02AB}"
EndProject
Project("{8BC9CEB8-8B4A-11D0-8D11-00A0C91BC942}") = "DllProductKeySelfTest", "DllProductKeySelfTest\DllProductKeySelfTest.vcxproj", "{340D2DBA-3A3A-4FB4-88DC-7CDD6A58E445}"
EndProject
Project("{8BC9CEB8-8B4A-11D0-8D11-00A0C91BC942}") = "ProductKeyLib", "ProductKeyLib\ProductKeyLib.vcxproj", "{3B841947-34D5-48B0-88B1-BB27EFB67FE1}"
EndProject
Project("{FAE04EC0-301F-11D3-BF4B-00C04F79EFBC}") = "ProductKeyGen", "ProductKeyGen\ProductKeyGen.csproj", "{48C58BD5-51A3-4404-891D-192B9F45ADF3}"
	ProjectSection(ProjectDependencies) = postProject
		{340D2DBA-3A3A-4FB4-88DC-7CDD6A58E445} = {340D2DBA-3A3A-4FB4-88DC-7CDD6A58E445}
	EndProjectSection
EndProject
Project("{8BC9CEB8-8B4A-11D0-8D11-00A0C91BC942}") = "lib_mpir_cxx", "Mpir\build.vc14\lib_mpir_cxx\lib_mpir_cxx.vcxproj", "{036C1649-12C5-4893-A768-960D37D7062F}"
EndProject
Project("{8BC9CEB8-8B4A-11D0-8D11-00A0C91BC942}") = "lib_mpir_gc", "Mpir\build.vc14\lib_mpir_gc\lib_mpir_gc.vcxproj", "{136A6797-5C45-4C82-8D13-5925CA5FBD21}"
EndProject
Project("{8BC9CEB8-8B4A-11D0-8D11-00A0C91BC942}") = "cryptlib", "CryptoPP\cryptlib.vcxproj", "{C39F4B46-6E89-4074-902E-CA57073044D2}"
EndProject
Project("{8BC9CEB8-8B4A-11D0-8D11-00A0C91BC942}") = "cryptest", "CryptoPP\cryptest.vcxproj", "{09CDAC08-E6AE-48A9-8DE7-0FBC779EEBDE}"
EndProject
Project("{8BC9CEB8-8B4A-11D0-8D11-00A0C91BC942}") = "libCn3q", "libCn3q\libCn3q.vcxproj", "{7DF1E863-C5C5-4D91-977A-B34C8C6A96BB}"
EndProject
Project("{8BC9CEB8-8B4A-11D0-8D11-00A0C91BC942}") = "KeyGen", "PrivateKeyGen\KeyGen\KeyGen.vcxproj", "{AC751BD7-C310-42D9-84FD-C28C3E3BE02B}"
	ProjectSection(ProjectDependencies) = postProject
		{7DF1E863-C5C5-4D91-977A-B34C8C6A96BB} = {7DF1E863-C5C5-4D91-977A-B34C8C6A96BB}
		{CC756A84-BB41-4DFD-A1F7-A361641746D5} = {CC756A84-BB41-4DFD-A1F7-A361641746D5}
	EndProjectSection
EndProject
Project("{8BC9CEB8-8B4A-11D0-8D11-00A0C91BC942}") = "KeyDistributionCenter", "KeyDistributionCenter\KeyDistributionCenter\KeyDistributionCenter.vcxproj", "{0170330B-55F4-4AA0-A17E-259E64DF69C4}"
	ProjectSection(ProjectDependencies) = postProject
		{577B703E-D026-4EBC-A9B9-045EF1734176} = {577B703E-D026-4EBC-A9B9-045EF1734176}
		{3B841947-34D5-48B0-88B1-BB27EFB67FE1} = {3B841947-34D5-48B0-88B1-BB27EFB67FE1}
		{7DF1E863-C5C5-4D91-977A-B34C8C6A96BB} = {7DF1E863-C5C5-4D91-977A-B34C8C6A96BB}
		{CC756A84-BB41-4DFD-A1F7-A361641746D5} = {CC756A84-BB41-4DFD-A1F7-A361641746D5}
	EndProjectSection
EndProject
Project("{8BC9CEB8-8B4A-11D0-8D11-00A0C91BC942}") = "libusb-1.0 (static)", "libUSB\msvc\libusb_static_2015.vcxproj", "{349EE8F9-7D25-4909-AAF5-FF3FADE72187}"
EndProject
Project("{8BC9CEB8-8B4A-11D0-8D11-00A0C91BC942}") = "libHwKey", "libHwKey\libHwKey.vcxproj", "{577B703E-D026-4EBC-A9B9-045EF1734176}"
	ProjectSection(ProjectDependencies) = postProject
		{3B841947-34D5-48B0-88B1-BB27EFB67FE1} = {3B841947-34D5-48B0-88B1-BB27EFB67FE1}
		{349EE8F9-7D25-4909-AAF5-FF3FADE72187} = {349EE8F9-7D25-4909-AAF5-FF3FADE72187}
	EndProjectSection
EndProject
Project("{8BC9CEB8-8B4A-11D0-8D11-00A0C91BC942}") = "UsbKeyS", "UsbKeyS\UsbKeyS.vcxproj", "{7B1B92AD-DC4A-4030-80BB-1A5E478C39AD}"
	ProjectSection(ProjectDependencies) = postProject
		{577B703E-D026-4EBC-A9B9-045EF1734176} = {577B703E-D026-4EBC-A9B9-045EF1734176}
		{3B841947-34D5-48B0-88B1-BB27EFB67FE1} = {3B841947-34D5-48B0-88B1-BB27EFB67FE1}
	EndProjectSection
EndProject
Project("{8BC9CEB8-8B4A-11D0-8D11-00A0C91BC942}") = "dllHwKey", "dllHwKey\dllHwKey.vcxproj", "{5AC91116-70C7-4CA2-B9CD-7FF7D02F832D}"
EndProject
Project("{FAE04EC0-301F-11D3-BF4B-00C04F79EFBC}") = "MonteCarloRndAnalyse", "MonteCarloRndAnalyse\MonteCarloRndAnalyse.csproj", "{F8D8F89E-5FD7-4117-9247-150AD1710EEE}"
EndProject
Project("{8BC9CEB8-8B4A-11D0-8D11-00A0C91BC942}") = "LibGranitK", "LibGranitK\LibGranitK\LibGranitK.vcxproj", "{05A1EE2B-60E7-47BE-92BD-856C4FD66E91}"
	ProjectSection(ProjectDependencies) = postProject
		{7DF1E863-C5C5-4D91-977A-B34C8C6A96BB} = {7DF1E863-C5C5-4D91-977A-B34C8C6A96BB}
		{CC756A84-BB41-4DFD-A1F7-A361641746D5} = {CC756A84-BB41-4DFD-A1F7-A361641746D5}
	EndProjectSection
EndProject
Project("{FAE04EC0-301F-11D3-BF4B-00C04F79EFBC}") = "TestGranit", "TestGranit\TestGranit\TestGranit.csproj", "{09890BEC-8B97-43D9-92F8-FC905695DEF8}"
EndProject
Project("{FAE04EC0-301F-11D3-BF4B-00C04F79EFBC}") = "TestGranitSign", "TestGranit\TestGranitSign\TestGranitSign.csproj", "{1089E60F-2A58-4CC9-8D69-BA5864BC501F}"
EndProject
Project("{8BC9CEB8-8B4A-11D0-8D11-00A0C91BC942}") = "GranitCore", "GranitCore\GranitCore.vcxproj", "{CC756A84-BB41-4DFD-A1F7-A361641746D5}"
EndProject
Project("{FAE04EC0-301F-11D3-BF4B-00C04F79EFBC}") = "DLL_API_Example", "DLL_API_Example\DLL_API_Example\DLL_API_Example.csproj", "{33C5C8DE-636D-4E3B-A1C3-E3C14AF4EBED}"
	ProjectSection(ProjectDependencies) = postProject
		{05A1EE2B-60E7-47BE-92BD-856C4FD66E91} = {05A1EE2B-60E7-47BE-92BD-856C4FD66E91}
		{7DF1E863-C5C5-4D91-977A-B34C8C6A96BB} = {7DF1E863-C5C5-4D91-977A-B34C8C6A96BB}
	EndProjectSection
EndProject
Project("{8BC9CEB8-8B4A-11D0-8D11-00A0C91BC942}") = "EasyCript", "EasyCript\EasyCript.vcxproj", "{8D121D23-4359-49B0-BC9E-1E83F5F74364}"
	ProjectSection(ProjectDependencies) = postProject
		{CC756A84-BB41-4DFD-A1F7-A361641746D5} = {CC756A84-BB41-4DFD-A1F7-A361641746D5}
	EndProjectSection
EndProject
Global
	GlobalSection(SolutionConfigurationPlatforms) = preSolution
		Debug|Any CPU = Debug|Any CPU
		Debug|Win32 = Debug|Win32
		Debug|x86 = Debug|x86
		DLL-Import Debug|Any CPU = DLL-Import Debug|Any CPU
		DLL-Import Debug|Win32 = DLL-Import Debug|Win32
		DLL-Import Debug|x86 = DLL-Import Debug|x86
		DLL-Import Release|Any CPU = DLL-Import Release|Any CPU
		DLL-Import Release|Win32 = DLL-Import Release|Win32
		DLL-Import Release|x86 = DLL-Import Release|x86
		Release|Any CPU = Release|Any CPU
		Release|Win32 = Release|Win32
		Release|x86 = Release|x86
	EndGlobalSection
	GlobalSection(ProjectConfigurationPlatforms) = postSolution
		{B12702AD-ABFB-343A-A199-8E24837244A3}.Debug|Any CPU.ActiveCfg = Debug|Win32
		{B12702AD-ABFB-343A-A199-8E24837244A3}.Debug|Win32.ActiveCfg = Debug|Win32
		{B12702AD-ABFB-343A-A199-8E24837244A3}.Debug|Win32.Build.0 = Debug|Win32
		{B12702AD-ABFB-343A-A199-8E24837244A3}.Debug|x86.ActiveCfg = Debug|Win32
		{B12702AD-ABFB-343A-A199-8E24837244A3}.DLL-Import Debug|Any CPU.ActiveCfg = Release|Win32
		{B12702AD-ABFB-343A-A199-8E24837244A3}.DLL-Import Debug|Any CPU.Build.0 = Release|Win32
		{B12702AD-ABFB-343A-A199-8E24837244A3}.DLL-Import Debug|Win32.ActiveCfg = Debug|Win32
		{B12702AD-ABFB-343A-A199-8E24837244A3}.DLL-Import Debug|Win32.Build.0 = Debug|Win32
		{B12702AD-ABFB-343A-A199-8E24837244A3}.DLL-Import Debug|x86.ActiveCfg = Debug|Win32
		{B12702AD-ABFB-343A-A199-8E24837244A3}.DLL-Import Debug|x86.Build.0 = Debug|Win32
		{B12702AD-ABFB-343A-A199-8E24837244A3}.DLL-Import Release|Any CPU.ActiveCfg = Release|Win32
		{B12702AD-ABFB-343A-A199-8E24837244A3}.DLL-Import Release|Any CPU.Build.0 = Release|Win32
		{B12702AD-ABFB-343A-A199-8E24837244A3}.DLL-Import Release|Win32.ActiveCfg = Release|Win32
		{B12702AD-ABFB-343A-A199-8E24837244A3}.DLL-Import Release|Win32.Build.0 = Release|Win32
		{B12702AD-ABFB-343A-A199-8E24837244A3}.DLL-Import Release|x86.ActiveCfg = Release|Win32
		{B12702AD-ABFB-343A-A199-8E24837244A3}.DLL-Import Release|x86.Build.0 = Release|Win32
		{B12702AD-ABFB-343A-A199-8E24837244A3}.Release|Any CPU.ActiveCfg = Release|Win32
		{B12702AD-ABFB-343A-A199-8E24837244A3}.Release|Win32.ActiveCfg = Release|Win32
		{B12702AD-ABFB-343A-A199-8E24837244A3}.Release|Win32.Build.0 = Release|Win32
		{B12702AD-ABFB-343A-A199-8E24837244A3}.Release|x86.ActiveCfg = Release|Win32
		{A38F638F-2E9F-4217-BFF7-8AEB15EC02AB}.Debug|Any CPU.ActiveCfg = Debug|Win32
		{A38F638F-2E9F-4217-BFF7-8AEB15EC02AB}.Debug|Win32.ActiveCfg = Debug|Win32
		{A38F638F-2E9F-4217-BFF7-8AEB15EC02AB}.Debug|Win32.Build.0 = Debug|Win32
		{A38F638F-2E9F-4217-BFF7-8AEB15EC02AB}.Debug|x86.ActiveCfg = Debug|Win32
		{A38F638F-2E9F-4217-BFF7-8AEB15EC02AB}.DLL-Import Debug|Any CPU.ActiveCfg = Release|Win32
		{A38F638F-2E9F-4217-BFF7-8AEB15EC02AB}.DLL-Import Debug|Any CPU.Build.0 = Release|Win32
		{A38F638F-2E9F-4217-BFF7-8AEB15EC02AB}.DLL-Import Debug|Win32.ActiveCfg = Debug|Win32
		{A38F638F-2E9F-4217-BFF7-8AEB15EC02AB}.DLL-Import Debug|Win32.Build.0 = Debug|Win32
		{A38F638F-2E9F-4217-BFF7-8AEB15EC02AB}.DLL-Import Debug|x86.ActiveCfg = Debug|Win32
		{A38F638F-2E9F-4217-BFF7-8AEB15EC02AB}.DLL-Import Debug|x86.Build.0 = Debug|Win32
		{A38F638F-2E9F-4217-BFF7-8AEB15EC02AB}.DLL-Import Release|Any CPU.ActiveCfg = Release|Win32
		{A38F638F-2E9F-4217-BFF7-8AEB15EC02AB}.DLL-Import Release|Any CPU.Build.0 = Release|Win32
		{A38F638F-2E9F-4217-BFF7-8AEB15EC02AB}.DLL-Import Release|Win32.ActiveCfg = Release|Win32
		{A38F638F-2E9F-4217-BFF7-8AEB15EC02AB}.DLL-Import Release|Win32.Build.0 = Release|Win32
		{A38F638F-2E9F-4217-BFF7-8AEB15EC02AB}.DLL-Import Release|x86.ActiveCfg = Release|Win32
		{A38F638F-2E9F-4217-BFF7-8AEB15EC02AB}.DLL-Import Release|x86.Build.0 = Release|Win32
		{A38F638F-2E9F-4217-BFF7-8AEB15EC02AB}.Release|Any CPU.ActiveCfg = Release|Win32
		{A38F638F-2E9F-4217-BFF7-8AEB15EC02AB}.Release|Win32.ActiveCfg = Release|Win32
		{A38F638F-2E9F-4217-BFF7-8AEB15EC02AB}.Release|Win32.Build.0 = Release|Win32
		{A38F638F-2E9F-4217-BFF7-8AEB15EC02AB}.Release|x86.ActiveCfg = Release|Win32
		{340D2DBA-3A3A-4FB4-88DC-7CDD6A58E445}.Debug|Any CPU.ActiveCfg = Debug|Win32
		{340D2DBA-3A3A-4FB4-88DC-7CDD6A58E445}.Debug|Win32.ActiveCfg = Debug|Win32
		{340D2DBA-3A3A-4FB4-88DC-7CDD6A58E445}.Debug|Win32.Build.0 = Debug|Win32
		{340D2DBA-3A3A-4FB4-88DC-7CDD6A58E445}.Debug|x86.ActiveCfg = Debug|Win32
		{340D2DBA-3A3A-4FB4-88DC-7CDD6A58E445}.DLL-Import Debug|Any CPU.ActiveCfg = Release|x64
		{340D2DBA-3A3A-4FB4-88DC-7CDD6A58E445}.DLL-Import Debug|Any CPU.Build.0 = Release|x64
		{340D2DBA-3A3A-4FB4-88DC-7CDD6A58E445}.DLL-Import Debug|Win32.ActiveCfg = Debug|Win32
		{340D2DBA-3A3A-4FB4-88DC-7CDD6A58E445}.DLL-Import Debug|Win32.Build.0 = Debug|Win32
		{340D2DBA-3A3A-4FB4-88DC-7CDD6A58E445}.DLL-Import Debug|x86.ActiveCfg = Debug|Win32
		{340D2DBA-3A3A-4FB4-88DC-7CDD6A58E445}.DLL-Import Debug|x86.Build.0 = Debug|Win32
		{340D2DBA-3A3A-4FB4-88DC-7CDD6A58E445}.DLL-Import Release|Any CPU.ActiveCfg = Release|x64
		{340D2DBA-3A3A-4FB4-88DC-7CDD6A58E445}.DLL-Import Release|Any CPU.Build.0 = Release|x64
		{340D2DBA-3A3A-4FB4-88DC-7CDD6A58E445}.DLL-Import Release|Win32.ActiveCfg = Release|Win32
		{340D2DBA-3A3A-4FB4-88DC-7CDD6A58E445}.DLL-Import Release|Win32.Build.0 = Release|Win32
		{340D2DBA-3A3A-4FB4-88DC-7CDD6A58E445}.DLL-Import Release|x86.ActiveCfg = Release|Win32
		{340D2DBA-3A3A-4FB4-88DC-7CDD6A58E445}.DLL-Import Release|x86.Build.0 = Release|Win32
		{340D2DBA-3A3A-4FB4-88DC-7CDD6A58E445}.Release|Any CPU.ActiveCfg = Release|Win32
		{340D2DBA-3A3A-4FB4-88DC-7CDD6A58E445}.Release|Win32.ActiveCfg = Release|Win32
		{340D2DBA-3A3A-4FB4-88DC-7CDD6A58E445}.Release|Win32.Build.0 = Release|Win32
		{340D2DBA-3A3A-4FB4-88DC-7CDD6A58E445}.Release|x86.ActiveCfg = Release|Win32
		{3B841947-34D5-48B0-88B1-BB27EFB67FE1}.Debug|Any CPU.ActiveCfg = Debug|Win32
		{3B841947-34D5-48B0-88B1-BB27EFB67FE1}.Debug|Win32.ActiveCfg = Debug|Win32
		{3B841947-34D5-48B0-88B1-BB27EFB67FE1}.Debug|Win32.Build.0 = Debug|Win32
		{3B841947-34D5-48B0-88B1-BB27EFB67FE1}.Debug|x86.ActiveCfg = Debug|Win32
		{3B841947-34D5-48B0-88B1-BB27EFB67FE1}.DLL-Import Debug|Any CPU.ActiveCfg = Release|Win32
		{3B841947-34D5-48B0-88B1-BB27EFB67FE1}.DLL-Import Debug|Any CPU.Build.0 = Release|Win32
		{3B841947-34D5-48B0-88B1-BB27EFB67FE1}.DLL-Import Debug|Win32.ActiveCfg = Debug|Win32
		{3B841947-34D5-48B0-88B1-BB27EFB67FE1}.DLL-Import Debug|Win32.Build.0 = Debug|Win32
		{3B841947-34D5-48B0-88B1-BB27EFB67FE1}.DLL-Import Debug|x86.ActiveCfg = Debug|Win32
		{3B841947-34D5-48B0-88B1-BB27EFB67FE1}.DLL-Import Debug|x86.Build.0 = Debug|Win32
		{3B841947-34D5-48B0-88B1-BB27EFB67FE1}.DLL-Import Release|Any CPU.ActiveCfg = Release|Win32
		{3B841947-34D5-48B0-88B1-BB27EFB67FE1}.DLL-Import Release|Any CPU.Build.0 = Release|Win32
		{3B841947-34D5-48B0-88B1-BB27EFB67FE1}.DLL-Import Release|Win32.ActiveCfg = Release|Win32
		{3B841947-34D5-48B0-88B1-BB27EFB67FE1}.DLL-Import Release|Win32.Build.0 = Release|Win32
		{3B841947-34D5-48B0-88B1-BB27EFB67FE1}.DLL-Import Release|x86.ActiveCfg = Release|Win32
		{3B841947-34D5-48B0-88B1-BB27EFB67FE1}.DLL-Import Release|x86.Build.0 = Release|Win32
		{3B841947-34D5-48B0-88B1-BB27EFB67FE1}.Release|Any CPU.ActiveCfg = Release|Win32
		{3B841947-34D5-48B0-88B1-BB27EFB67FE1}.Release|Win32.ActiveCfg = Release|Win32
		{3B841947-34D5-48B0-88B1-BB27EFB67FE1}.Release|Win32.Build.0 = Release|Win32
		{3B841947-34D5-48B0-88B1-BB27EFB67FE1}.Release|x86.ActiveCfg = Release|Win32
		{48C58BD5-51A3-4404-891D-192B9F45ADF3}.Debug|Any CPU.ActiveCfg = Debug|Any CPU
		{48C58BD5-51A3-4404-891D-192B9F45ADF3}.Debug|Any CPU.Build.0 = Debug|Any CPU
		{48C58BD5-51A3-4404-891D-192B9F45ADF3}.Debug|Win32.ActiveCfg = Debug|x86
		{48C58BD5-51A3-4404-891D-192B9F45ADF3}.Debug|Win32.Build.0 = Debug|x86
		{48C58BD5-51A3-4404-891D-192B9F45ADF3}.Debug|x86.ActiveCfg = Debug|x86
		{48C58BD5-51A3-4404-891D-192B9F45ADF3}.Debug|x86.Build.0 = Debug|x86
		{48C58BD5-51A3-4404-891D-192B9F45ADF3}.DLL-Import Debug|Any CPU.ActiveCfg = Debug|Any CPU
		{48C58BD5-51A3-4404-891D-192B9F45ADF3}.DLL-Import Debug|Any CPU.Build.0 = Debug|Any CPU
		{48C58BD5-51A3-4404-891D-192B9F45ADF3}.DLL-Import Debug|Win32.ActiveCfg = Debug|x86
		{48C58BD5-51A3-4404-891D-192B9F45ADF3}.DLL-Import Debug|Win32.Build.0 = Debug|x86
		{48C58BD5-51A3-4404-891D-192B9F45ADF3}.DLL-Import Debug|x86.ActiveCfg = Debug|x86
		{48C58BD5-51A3-4404-891D-192B9F45ADF3}.DLL-Import Debug|x86.Build.0 = Debug|x86
		{48C58BD5-51A3-4404-891D-192B9F45ADF3}.DLL-Import Release|Any CPU.ActiveCfg = Release|Any CPU
		{48C58BD5-51A3-4404-891D-192B9F45ADF3}.DLL-Import Release|Any CPU.Build.0 = Release|Any CPU
		{48C58BD5-51A3-4404-891D-192B9F45ADF3}.DLL-Import Release|Win32.ActiveCfg = Release|x86
		{48C58BD5-51A3-4404-891D-192B9F45ADF3}.DLL-Import Release|Win32.Build.0 = Release|x86
		{48C58BD5-51A3-4404-891D-192B9F45ADF3}.DLL-Import Release|x86.ActiveCfg = Release|x86
		{48C58BD5-51A3-4404-891D-192B9F45ADF3}.DLL-Import Release|x86.Build.0 = Release|x86
		{48C58BD5-51A3-4404-891D-192B9F45ADF3}.Release|Any CPU.ActiveCfg = Release|Any CPU
		{48C58BD5-51A3-4404-891D-192B9F45ADF3}.Release|Any CPU.Build.0 = Release|Any CPU
		{48C58BD5-51A3-4404-891D-192B9F45ADF3}.Release|Win32.ActiveCfg = Release|x86
		{48C58BD5-51A3-4404-891D-192B9F45ADF3}.Release|Win32.Build.0 = Release|x86
		{48C58BD5-51A3-4404-891D-192B9F45ADF3}.Release|x86.ActiveCfg = Release|x86
		{48C58BD5-51A3-4404-891D-192B9F45ADF3}.Release|x86.Build.0 = Release|x86
		{036C1649-12C5-4893-A768-960D37D7062F}.Debug|Any CPU.ActiveCfg = Debug|Win32
		{036C1649-12C5-4893-A768-960D37D7062F}.Debug|Win32.ActiveCfg = Debug|Win32
		{036C1649-12C5-4893-A768-960D37D7062F}.Debug|Win32.Build.0 = Debug|Win32
		{036C1649-12C5-4893-A768-960D37D7062F}.Debug|x86.ActiveCfg = Debug|Win32
		{036C1649-12C5-4893-A768-960D37D7062F}.DLL-Import Debug|Any CPU.ActiveCfg = Release|x64
		{036C1649-12C5-4893-A768-960D37D7062F}.DLL-Import Debug|Any CPU.Build.0 = Release|x64
		{036C1649-12C5-4893-A768-960D37D7062F}.DLL-Import Debug|Win32.ActiveCfg = Debug|Win32
		{036C1649-12C5-4893-A768-960D37D7062F}.DLL-Import Debug|Win32.Build.0 = Debug|Win32
		{036C1649-12C5-4893-A768-960D37D7062F}.DLL-Import Debug|x86.ActiveCfg = Debug|Win32
		{036C1649-12C5-4893-A768-960D37D7062F}.DLL-Import Debug|x86.Build.0 = Debug|Win32
		{036C1649-12C5-4893-A768-960D37D7062F}.DLL-Import Release|Any CPU.ActiveCfg = Release|x64
		{036C1649-12C5-4893-A768-960D37D7062F}.DLL-Import Release|Any CPU.Build.0 = Release|x64
		{036C1649-12C5-4893-A768-960D37D7062F}.DLL-Import Release|Win32.ActiveCfg = Release|Win32
		{036C1649-12C5-4893-A768-960D37D7062F}.DLL-Import Release|Win32.Build.0 = Release|Win32
		{036C1649-12C5-4893-A768-960D37D7062F}.DLL-Import Release|x86.ActiveCfg = Release|Win32
		{036C1649-12C5-4893-A768-960D37D7062F}.DLL-Import Release|x86.Build.0 = Release|Win32
		{036C1649-12C5-4893-A768-960D37D7062F}.Release|Any CPU.ActiveCfg = Release|Win32
		{036C1649-12C5-4893-A768-960D37D7062F}.Release|Win32.ActiveCfg = Release|Win32
		{036C1649-12C5-4893-A768-960D37D7062F}.Release|Win32.Build.0 = Release|Win32
		{036C1649-12C5-4893-A768-960D37D7062F}.Release|x86.ActiveCfg = Release|Win32
		{136A6797-5C45-4C82-8D13-5925CA5FBD21}.Debug|Any CPU.ActiveCfg = Debug|Win32
		{136A6797-5C45-4C82-8D13-5925CA5FBD21}.Debug|Win32.ActiveCfg = Debug|Win32
		{136A6797-5C45-4C82-8D13-5925CA5FBD21}.Debug|Win32.Build.0 = Debug|Win32
		{136A6797-5C45-4C82-8D13-5925CA5FBD21}.Debug|x86.ActiveCfg = Debug|Win32
		{136A6797-5C45-4C82-8D13-5925CA5FBD21}.DLL-Import Debug|Any CPU.ActiveCfg = Release|x64
		{136A6797-5C45-4C82-8D13-5925CA5FBD21}.DLL-Import Debug|Any CPU.Build.0 = Release|x64
		{136A6797-5C45-4C82-8D13-5925CA5FBD21}.DLL-Import Debug|Win32.ActiveCfg = Debug|Win32
		{136A6797-5C45-4C82-8D13-5925CA5FBD21}.DLL-Import Debug|Win32.Build.0 = Debug|Win32
		{136A6797-5C45-4C82-8D13-5925CA5FBD21}.DLL-Import Debug|x86.ActiveCfg = Debug|Win32
		{136A6797-5C45-4C82-8D13-5925CA5FBD21}.DLL-Import Debug|x86.Build.0 = Debug|Win32
		{136A6797-5C45-4C82-8D13-5925CA5FBD21}.DLL-Import Release|Any CPU.ActiveCfg = Release|x64
		{136A6797-5C45-4C82-8D13-5925CA5FBD21}.DLL-Import Release|Any CPU.Build.0 = Release|x64
		{136A6797-5C45-4C82-8D13-5925CA5FBD21}.DLL-Import Release|Win32.ActiveCfg = Release|Win32
		{136A6797-5C45-4C82-8D13-5925CA5FBD21}.DLL-Import Release|Win32.Build.0 = Release|Win32
		{136A6797-5C45-4C82-8D13-5925CA5FBD21}.DLL-Import Release|x86.ActiveCfg = Release|Win32
		{136A6797-5C45-4C82-8D13-5925CA5FBD21}.DLL-Import Release|x86.Build.0 = Release|Win32
		{136A6797-5C45-4C82-8D13-5925CA5FBD21}.Release|Any CPU.ActiveCfg = Release|Win32
		{136A6797-5C45-4C82-8D13-5925CA5FBD21}.Release|Win32.ActiveCfg = Release|Win32
		{136A6797-5C45-4C82-8D13-5925CA5FBD21}.Release|Win32.Build.0 = Release|Win32
		{136A6797-5C45-4C82-8D13-5925CA5FBD21}.Release|x86.ActiveCfg = Release|Win32
		{C39F4B46-6E89-4074-902E-CA57073044D2}.Debug|Any CPU.ActiveCfg = Debug|Win32
		{C39F4B46-6E89-4074-902E-CA57073044D2}.Debug|Win32.ActiveCfg = Debug|Win32
		{C39F4B46-6E89-4074-902E-CA57073044D2}.Debug|Win32.Build.0 = Debug|Win32
		{C39F4B46-6E89-4074-902E-CA57073044D2}.Debug|x86.ActiveCfg = Debug|Win32
		{C39F4B46-6E89-4074-902E-CA57073044D2}.DLL-Import Debug|Any CPU.ActiveCfg = DLL-Import Debug|Win32
		{C39F4B46-6E89-4074-902E-CA57073044D2}.DLL-Import Debug|Win32.ActiveCfg = DLL-Import Debug|Win32
		{C39F4B46-6E89-4074-902E-CA57073044D2}.DLL-Import Debug|Win32.Build.0 = DLL-Import Debug|Win32
		{C39F4B46-6E89-4074-902E-CA57073044D2}.DLL-Import Debug|x86.ActiveCfg = DLL-Import Debug|Win32
		{C39F4B46-6E89-4074-902E-CA57073044D2}.DLL-Import Release|Any CPU.ActiveCfg = DLL-Import Release|Win32
		{C39F4B46-6E89-4074-902E-CA57073044D2}.DLL-Import Release|Win32.ActiveCfg = DLL-Import Release|Win32
		{C39F4B46-6E89-4074-902E-CA57073044D2}.DLL-Import Release|Win32.Build.0 = DLL-Import Release|Win32
		{C39F4B46-6E89-4074-902E-CA57073044D2}.DLL-Import Release|x86.ActiveCfg = DLL-Import Release|Win32
		{C39F4B46-6E89-4074-902E-CA57073044D2}.Release|Any CPU.ActiveCfg = Release|Win32
		{C39F4B46-6E89-4074-902E-CA57073044D2}.Release|Win32.ActiveCfg = Release|Win32
		{C39F4B46-6E89-4074-902E-CA57073044D2}.Release|Win32.Build.0 = Release|Win32
		{C39F4B46-6E89-4074-902E-CA57073044D2}.Release|x86.ActiveCfg = Release|Win32
		{09CDAC08-E6AE-48A9-8DE7-0FBC779EEBDE}.Debug|Any CPU.ActiveCfg = Debug|Win32
		{09CDAC08-E6AE-48A9-8DE7-0FBC779EEBDE}.Debug|Win32.ActiveCfg = Debug|Win32
		{09CDAC08-E6AE-48A9-8DE7-0FBC779EEBDE}.Debug|Win32.Build.0 = Debug|Win32
		{09CDAC08-E6AE-48A9-8DE7-0FBC779EEBDE}.Debug|x86.ActiveCfg = Debug|Win32
		{09CDAC08-E6AE-48A9-8DE7-0FBC779EEBDE}.DLL-Import Debug|Any CPU.ActiveCfg = DLL-Import Debug|Win32
		{09CDAC08-E6AE-48A9-8DE7-0FBC779EEBDE}.DLL-Import Debug|Win32.ActiveCfg = DLL-Import Debug|Win32
		{09CDAC08-E6AE-48A9-8DE7-0FBC779EEBDE}.DLL-Import Debug|Win32.Build.0 = DLL-Import Debug|Win32
		{09CDAC08-E6AE-48A9-8DE7-0FBC779EEBDE}.DLL-Import Debug|x86.ActiveCfg = DLL-Import Debug|Win32
		{09CDAC08-E6AE-48A9-8DE7-0FBC779EEBDE}.DLL-Import Release|Any CPU.ActiveCfg = DLL-Import Release|Win32
		{09CDAC08-E6AE-48A9-8DE7-0FBC779EEBDE}.DLL-Import Release|Win32.ActiveCfg = DLL-Import Release|Win32
		{09CDAC08-E6AE-48A9-8DE7-0FBC779EEBDE}.DLL-Import Release|Win32.Build.0 = DLL-Import Release|Win32
		{09CDAC08-E6AE-48A9-8DE7-0FBC779EEBDE}.DLL-Import Release|x86.ActiveCfg = DLL-Import Release|Win32
		{09CDAC08-E6AE-48A9-8DE7-0FBC779EEBDE}.Release|Any CPU.ActiveCfg = Release|Win32
		{09CDAC08-E6AE-48A9-8DE7-0FBC779EEBDE}.Release|Win32.ActiveCfg = Release|Win32
		{09CDAC08-E6AE-48A9-8DE7-0FBC779EEBDE}.Release|Win32.Build.0 = Release|Win32
		{09CDAC08-E6AE-48A9-8DE7-0FBC779EEBDE}.Release|x86.ActiveCfg = Release|Win32
		{7DF1E863-C5C5-4D91-977A-B34C8C6A96BB}.Debug|Any CPU.ActiveCfg = Debug|Win32
		{7DF1E863-C5C5-4D91-977A-B34C8C6A96BB}.Debug|Win32.ActiveCfg = Debug|Win32
		{7DF1E863-C5C5-4D91-977A-B34C8C6A96BB}.Debug|Win32.Build.0 = Debug|Win32
		{7DF1E863-C5C5-4D91-977A-B34C8C6A96BB}.Debug|x86.ActiveCfg = Debug|Win32
		{7DF1E863-C5C5-4D91-977A-B34C8C6A96BB}.DLL-Import Debug|Any CPU.ActiveCfg = Release|Win32
		{7DF1E863-C5C5-4D91-977A-B34C8C6A96BB}.DLL-Import Debug|Any CPU.Build.0 = Release|Win32
		{7DF1E863-C5C5-4D91-977A-B34C8C6A96BB}.DLL-Import Debug|Win32.ActiveCfg = Debug|Win32
		{7DF1E863-C5C5-4D91-977A-B34C8C6A96BB}.DLL-Import Debug|Win32.Build.0 = Debug|Win32
		{7DF1E863-C5C5-4D91-977A-B34C8C6A96BB}.DLL-Import Debug|x86.ActiveCfg = Debug|Win32
		{7DF1E863-C5C5-4D91-977A-B34C8C6A96BB}.DLL-Import Debug|x86.Build.0 = Debug|Win32
		{7DF1E863-C5C5-4D91-977A-B34C8C6A96BB}.DLL-Import Release|Any CPU.ActiveCfg = Release|Win32
		{7DF1E863-C5C5-4D91-977A-B34C8C6A96BB}.DLL-Import Release|Any CPU.Build.0 = Release|Win32
		{7DF1E863-C5C5-4D91-977A-B34C8C6A96BB}.DLL-Import Release|Win32.ActiveCfg = Release|Win32
		{7DF1E863-C5C5-4D91-977A-B34C8C6A96BB}.DLL-Import Release|Win32.Build.0 = Release|Win32
		{7DF1E863-C5C5-4D91-977A-B34C8C6A96BB}.DLL-Import Release|x86.ActiveCfg = Release|Win32
		{7DF1E863-C5C5-4D91-977A-B34C8C6A96BB}.DLL-Import Release|x86.Build.0 = Release|Win32
		{7DF1E863-C5C5-4D91-977A-B34C8C6A96BB}.Release|Any CPU.ActiveCfg = Release|Win32
		{7DF1E863-C5C5-4D91-977A-B34C8C6A96BB}.Release|Win32.ActiveCfg = Release|Win32
		{7DF1E863-C5C5-4D91-977A-B34C8C6A96BB}.Release|Win32.Build.0 = Release|Win32
		{7DF1E863-C5C5-4D91-977A-B34C8C6A96BB}.Release|x86.ActiveCfg = Release|Win32
		{AC751BD7-C310-42D9-84FD-C28C3E3BE02B}.Debug|Any CPU.ActiveCfg = Debug|Win32
		{AC751BD7-C310-42D9-84FD-C28C3E3BE02B}.Debug|Win32.ActiveCfg = Debug|Win32
		{AC751BD7-C310-42D9-84FD-C28C3E3BE02B}.Debug|Win32.Build.0 = Debug|Win32
		{AC751BD7-C310-42D9-84FD-C28C3E3BE02B}.Debug|x86.ActiveCfg = Debug|Win32
		{AC751BD7-C310-42D9-84FD-C28C3E3BE02B}.DLL-Import Debug|Any CPU.ActiveCfg = Release|Win32
		{AC751BD7-C310-42D9-84FD-C28C3E3BE02B}.DLL-Import Debug|Any CPU.Build.0 = Release|Win32
		{AC751BD7-C310-42D9-84FD-C28C3E3BE02B}.DLL-Import Debug|Win32.ActiveCfg = Debug|Win32
		{AC751BD7-C310-42D9-84FD-C28C3E3BE02B}.DLL-Import Debug|Win32.Build.0 = Debug|Win32
		{AC751BD7-C310-42D9-84FD-C28C3E3BE02B}.DLL-Import Debug|x86.ActiveCfg = Debug|Win32
		{AC751BD7-C310-42D9-84FD-C28C3E3BE02B}.DLL-Import Debug|x86.Build.0 = Debug|Win32
		{AC751BD7-C310-42D9-84FD-C28C3E3BE02B}.DLL-Import Release|Any CPU.ActiveCfg = Release|Win32
		{AC751BD7-C310-42D9-84FD-C28C3E3BE02B}.DLL-Import Release|Any CPU.Build.0 = Release|Win32
		{AC751BD7-C310-42D9-84FD-C28C3E3BE02B}.DLL-Import Release|Win32.ActiveCfg = Release|Win32
		{AC751BD7-C310-42D9-84FD-C28C3E3BE02B}.DLL-Import Release|Win32.Build.0 = Release|Win32
		{AC751BD7-C310-42D9-84FD-C28C3E3BE02B}.DLL-Import Release|x86.ActiveCfg = Release|Win32
		{AC751BD7-C310-42D9-84FD-C28C3E3BE02B}.DLL-Import Release|x86.Build.0 = Release|Win32
		{AC751BD7-C310-42D9-84FD-C28C3E3BE02B}.Release|Any CPU.ActiveCfg = Release|Win32
		{AC751BD7-C310-42D9-84FD-C28C3E3BE02B}.Release|Win32.ActiveCfg = Release|Win32
		{AC751BD7-C310-42D9-84FD-C28C3E3BE02B}.Release|Win32.Build.0 = Release|Win32
		{AC751BD7-C310-42D9-84FD-C28C3E3BE02B}.Release|x86.ActiveCfg = Release|Win32
		{0170330B-55F4-4AA0-A17E-259E64DF69C4}.Debug|Any CPU.ActiveCfg = Debug|Win32
		{0170330B-55F4-4AA0-A17E-259E64DF69C4}.Debug|Win32.ActiveCfg = Debug|Win32
		{0170330B-55F4-4AA0-A17E-259E64DF69C4}.Debug|Win32.Build.0 = Debug|Win32
		{0170330B-55F4-4AA0-A17E-259E64DF69C4}.Debug|x86.ActiveCfg = Debug|Win32
		{0170330B-55F4-4AA0-A17E-259E64DF69C4}.DLL-Import Debug|Any CPU.ActiveCfg = Release|Win32
		{0170330B-55F4-4AA0-A17E-259E64DF69C4}.DLL-Import Debug|Any CPU.Build.0 = Release|Win32
		{0170330B-55F4-4AA0-A17E-259E64DF69C4}.DLL-Import Debug|Win32.ActiveCfg = Debug|Win32
		{0170330B-55F4-4AA0-A17E-259E64DF69C4}.DLL-Import Debug|Win32.Build.0 = Debug|Win32
		{0170330B-55F4-4AA0-A17E-259E64DF69C4}.DLL-Import Debug|x86.ActiveCfg = Debug|Win32
		{0170330B-55F4-4AA0-A17E-259E64DF69C4}.DLL-Import Debug|x86.Build.0 = Debug|Win32
		{0170330B-55F4-4AA0-A17E-259E64DF69C4}.DLL-Import Release|Any CPU.ActiveCfg = Release|Win32
		{0170330B-55F4-4AA0-A17E-259E64DF69C4}.DLL-Import Release|Any CPU.Build.0 = Release|Win32
		{0170330B-55F4-4AA0-A17E-259E64DF69C4}.DLL-Import Release|Win32.ActiveCfg = Release|Win32
		{0170330B-55F4-4AA0-A17E-259E64DF69C4}.DLL-Import Release|Win32.Build.0 = Release|Win32
		{0170330B-55F4-4AA0-A17E-259E64DF69C4}.DLL-Import Release|x86.ActiveCfg = Release|Win32
		{0170330B-55F4-4AA0-A17E-259E64DF69C4}.DLL-Import Release|x86.Build.0 = Release|Win32
		{0170330B-55F4-4AA0-A17E-259E64DF69C4}.Release|Any CPU.ActiveCfg = Release|Win32
		{0170330B-55F4-4AA0-A17E-259E64DF69C4}.Release|Win32.ActiveCfg = Release|Win32
		{0170330B-55F4-4AA0-A17E-259E64DF69C4}.Release|Win32.Build.0 = Release|Win32
		{0170330B-55F4-4AA0-A17E-259E64DF69C4}.Release|x86.ActiveCfg = Release|Win32
		{349EE8F9-7D25-4909-AAF5-FF3FADE72187}.Debug|Any CPU.ActiveCfg = Debug|Win32
		{349EE8F9-7D25-4909-AAF5-FF3FADE72187}.Debug|Win32.ActiveCfg = Debug|Win32
		{349EE8F9-7D25-4909-AAF5-FF3FADE72187}.Debug|Win32.Build.0 = Debug|Win32
		{349EE8F9-7D25-4909-AAF5-FF3FADE72187}.Debug|x86.ActiveCfg = Debug|Win32
		{349EE8F9-7D25-4909-AAF5-FF3FADE72187}.DLL-Import Debug|Any CPU.ActiveCfg = Release|x64
		{349EE8F9-7D25-4909-AAF5-FF3FADE72187}.DLL-Import Debug|Any CPU.Build.0 = Release|x64
		{349EE8F9-7D25-4909-AAF5-FF3FADE72187}.DLL-Import Debug|Win32.ActiveCfg = Debug|Win32
		{349EE8F9-7D25-4909-AAF5-FF3FADE72187}.DLL-Import Debug|Win32.Build.0 = Debug|Win32
		{349EE8F9-7D25-4909-AAF5-FF3FADE72187}.DLL-Import Debug|x86.ActiveCfg = Debug|Win32
		{349EE8F9-7D25-4909-AAF5-FF3FADE72187}.DLL-Import Debug|x86.Build.0 = Debug|Win32
		{349EE8F9-7D25-4909-AAF5-FF3FADE72187}.DLL-Import Release|Any CPU.ActiveCfg = Release|x64
		{349EE8F9-7D25-4909-AAF5-FF3FADE72187}.DLL-Import Release|Any CPU.Build.0 = Release|x64
		{349EE8F9-7D25-4909-AAF5-FF3FADE72187}.DLL-Import Release|Win32.ActiveCfg = Release|Win32
		{349EE8F9-7D25-4909-AAF5-FF3FADE72187}.DLL-Import Release|Win32.Build.0 = Release|Win32
		{349EE8F9-7D25-4909-AAF5-FF3FADE72187}.DLL-Import Release|x86.ActiveCfg = Release|Win32
		{349EE8F9-7D25-4909-AAF5-FF3FADE72187}.DLL-Import Release|x86.Build.0 = Release|Win32
		{349EE8F9-7D25-4909-AAF5-FF3FADE72187}.Release|Any CPU.ActiveCfg = Release|Win32
		{349EE8F9-7D25-4909-AAF5-FF3FADE72187}.Release|Win32.ActiveCfg = Release|Win32
		{349EE8F9-7D25-4909-AAF5-FF3FADE72187}.Release|Win32.Build.0 = Release|Win32
		{349EE8F9-7D25-4909-AAF5-FF3FADE72187}.Release|x86.ActiveCfg = Release|Win32
		{577B703E-D026-4EBC-A9B9-045EF1734176}.Debug|Any CPU.ActiveCfg = Debug|Win32
		{577B703E-D026-4EBC-A9B9-045EF1734176}.Debug|Win32.ActiveCfg = Debug|Win32
		{577B703E-D026-4EBC-A9B9-045EF1734176}.Debug|Win32.Build.0 = Debug|Win32
		{577B703E-D026-4EBC-A9B9-045EF1734176}.Debug|x86.ActiveCfg = Debug|Win32
		{577B703E-D026-4EBC-A9B9-045EF1734176}.DLL-Import Debug|Any CPU.ActiveCfg = Release|Win32
		{577B703E-D026-4EBC-A9B9-045EF1734176}.DLL-Import Debug|Any CPU.Build.0 = Release|Win32
		{577B703E-D026-4EBC-A9B9-045EF1734176}.DLL-Import Debug|Win32.ActiveCfg = Debug|Win32
		{577B703E-D026-4EBC-A9B9-045EF1734176}.DLL-Import Debug|Win32.Build.0 = Debug|Win32
		{577B703E-D026-4EBC-A9B9-045EF1734176}.DLL-Import Debug|x86.ActiveCfg = Debug|Win32
		{577B703E-D026-4EBC-A9B9-045EF1734176}.DLL-Import Debug|x86.Build.0 = Debug|Win32
		{577B703E-D026-4EBC-A9B9-045EF1734176}.DLL-Import Release|Any CPU.ActiveCfg = Release|Win32
		{577B703E-D026-4EBC-A9B9-045EF1734176}.DLL-Import Release|Any CPU.Build.0 = Release|Win32
		{577B703E-D026-4EBC-A9B9-045EF1734176}.DLL-Import Release|Win32.ActiveCfg = Release|Win32
		{577B703E-D026-4EBC-A9B9-045EF1734176}.DLL-Import Release|Win32.Build.0 = Release|Win32
		{577B703E-D026-4EBC-A9B9-045EF1734176}.DLL-Import Release|x86.ActiveCfg = Release|Win32
		{577B703E-D026-4EBC-A9B9-045EF1734176}.DLL-Import Release|x86.Build.0 = Release|Win32
		{577B703E-D026-4EBC-A9B9-045EF1734176}.Release|Any CPU.ActiveCfg = Release|Win32
		{577B703E-D026-4EBC-A9B9-045EF1734176}.Release|Win32.ActiveCfg = Release|Win32
		{577B703E-D026-4EBC-A9B9-045EF1734176}.Release|Win32.Build.0 = Release|Win32
		{577B703E-D026-4EBC-A9B9-045EF1734176}.Release|x86.ActiveCfg = Release|Win32
		{7B1B92AD-DC4A-4030-80BB-1A5E478C39AD}.Debug|Any CPU.ActiveCfg = Debug|Win32
		{7B1B92AD-DC4A-4030-80BB-1A5E478C39AD}.Debug|Win32.ActiveCfg = Debug|Win32
		{7B1B92AD-DC4A-4030-80BB-1A5E478C39AD}.Debug|Win32.Build.0 = Debug|Win32
		{7B1B92AD-DC4A-4030-80BB-1A5E478C39AD}.Debug|x86.ActiveCfg = Debug|Win32
		{7B1B92AD-DC4A-4030-80BB-1A5E478C39AD}.DLL-Import Debug|Any CPU.ActiveCfg = Release|Win32
		{7B1B92AD-DC4A-4030-80BB-1A5E478C39AD}.DLL-Import Debug|Any CPU.Build.0 = Release|Win32
		{7B1B92AD-DC4A-4030-80BB-1A5E478C39AD}.DLL-Import Debug|Win32.ActiveCfg = Debug|Win32
		{7B1B92AD-DC4A-4030-80BB-1A5E478C39AD}.DLL-Import Debug|Win32.Build.0 = Debug|Win32
		{7B1B92AD-DC4A-4030-80BB-1A5E478C39AD}.DLL-Import Debug|x86.ActiveCfg = Debug|Win32
		{7B1B92AD-DC4A-4030-80BB-1A5E478C39AD}.DLL-Import Debug|x86.Build.0 = Debug|Win32
		{7B1B92AD-DC4A-4030-80BB-1A5E478C39AD}.DLL-Import Release|Any CPU.ActiveCfg = Release|Win32
		{7B1B92AD-DC4A-4030-80BB-1A5E478C39AD}.DLL-Import Release|Any CPU.Build.0 = Release|Win32
		{7B1B92AD-DC4A-4030-80BB-1A5E478C39AD}.DLL-Import Release|Win32.ActiveCfg = Release|Win32
		{7B1B92AD-DC4A-4030-80BB-1A5E478C39AD}.DLL-Import Release|Win32.Build.0 = Release|Win32
		{7B1B92AD-DC4A-4030-80BB-1A5E478C39AD}.DLL-Import Release|x86.ActiveCfg = Release|Win32
		{7B1B92AD-DC4A-4030-80BB-1A5E478C39AD}.DLL-Import Release|x86.Build.0 = Release|Win32
		{7B1B92AD-DC4A-4030-80BB-1A5E478C39AD}.Release|Any CPU.ActiveCfg = Release|Win32
		{7B1B92AD-DC4A-4030-80BB-1A5E478C39AD}.Release|Win32.ActiveCfg = Release|Win32
		{7B1B92AD-DC4A-4030-80BB-1A5E478C39AD}.Release|Win32.Build.0 = Release|Win32
		{7B1B92AD-DC4A-4030-80BB-1A5E478C39AD}.Release|x86.ActiveCfg = Release|Win32
		{5AC91116-70C7-4CA2-B9CD-7FF7D02F832D}.Debug|Any CPU.ActiveCfg = Debug|Win32
		{5AC91116-70C7-4CA2-B9CD-7FF7D02F832D}.Debug|Win32.ActiveCfg = Debug|Win32
		{5AC91116-70C7-4CA2-B9CD-7FF7D02F832D}.Debug|Win32.Build.0 = Debug|Win32
		{5AC91116-70C7-4CA2-B9CD-7FF7D02F832D}.Debug|x86.ActiveCfg = Debug|Win32
		{5AC91116-70C7-4CA2-B9CD-7FF7D02F832D}.DLL-Import Debug|Any CPU.ActiveCfg = Release|Win32
		{5AC91116-70C7-4CA2-B9CD-7FF7D02F832D}.DLL-Import Debug|Any CPU.Build.0 = Release|Win32
		{5AC91116-70C7-4CA2-B9CD-7FF7D02F832D}.DLL-Import Debug|Win32.ActiveCfg = Debug|Win32
		{5AC91116-70C7-4CA2-B9CD-7FF7D02F832D}.DLL-Import Debug|Win32.Build.0 = Debug|Win32
		{5AC91116-70C7-4CA2-B9CD-7FF7D02F832D}.DLL-Import Debug|x86.ActiveCfg = Debug|Win32
		{5AC91116-70C7-4CA2-B9CD-7FF7D02F832D}.DLL-Import Debug|x86.Build.0 = Debug|Win32
		{5AC91116-70C7-4CA2-B9CD-7FF7D02F832D}.DLL-Import Release|Any CPU.ActiveCfg = Release|Win32
		{5AC91116-70C7-4CA2-B9CD-7FF7D02F832D}.DLL-Import Release|Any CPU.Build.0 = Release|Win32
		{5AC91116-70C7-4CA2-B9CD-7FF7D02F832D}.DLL-Import Release|Win32.ActiveCfg = Release|Win32
		{5AC91116-70C7-4CA2-B9CD-7FF7D02F832D}.DLL-Import Release|Win32.Build.0 = Release|Win32
		{5AC91116-70C7-4CA2-B9CD-7FF7D02F832D}.DLL-Import Release|x86.ActiveCfg = Release|Win32
		{5AC91116-70C7-4CA2-B9CD-7FF7D02F832D}.DLL-Import Release|x86.Build.0 = Release|Win32
		{5AC91116-70C7-4CA2-B9CD-7FF7D02F832D}.Release|Any CPU.ActiveCfg = Release|Win32
		{5AC91116-70C7-4CA2-B9CD-7FF7D02F832D}.Release|Win32.ActiveCfg = Release|Win32
		{5AC91116-70C7-4CA2-B9CD-7FF7D02F832D}.Release|Win32.Build.0 = Release|Win32
		{5AC91116-70C7-4CA2-B9CD-7FF7D02F832D}.Release|x86.ActiveCfg = Release|Win32
		{F8D8F89E-5FD7-4117-9247-150AD1710EEE}.Debug|Any CPU.ActiveCfg = Debug|Any CPU
		{F8D8F89E-5FD7-4117-9247-150AD1710EEE}.Debug|Any CPU.Build.0 = Debug|Any CPU
		{F8D8F89E-5FD7-4117-9247-150AD1710EEE}.Debug|Win32.ActiveCfg = Debug|Any CPU
		{F8D8F89E-5FD7-4117-9247-150AD1710EEE}.Debug|Win32.Build.0 = Debug|Any CPU
		{F8D8F89E-5FD7-4117-9247-150AD1710EEE}.Debug|x86.ActiveCfg = Debug|Any CPU
		{F8D8F89E-5FD7-4117-9247-150AD1710EEE}.Debug|x86.Build.0 = Debug|Any CPU
		{F8D8F89E-5FD7-4117-9247-150AD1710EEE}.DLL-Import Debug|Any CPU.ActiveCfg = Debug|Any CPU
		{F8D8F89E-5FD7-4117-9247-150AD1710EEE}.DLL-Import Debug|Any CPU.Build.0 = Debug|Any CPU
		{F8D8F89E-5FD7-4117-9247-150AD1710EEE}.DLL-Import Debug|Win32.ActiveCfg = Debug|Any CPU
		{F8D8F89E-5FD7-4117-9247-150AD1710EEE}.DLL-Import Debug|Win32.Build.0 = Debug|Any CPU
		{F8D8F89E-5FD7-4117-9247-150AD1710EEE}.DLL-Import Debug|x86.ActiveCfg = Debug|Any CPU
		{F8D8F89E-5FD7-4117-9247-150AD1710EEE}.DLL-Import Debug|x86.Build.0 = Debug|Any CPU
		{F8D8F89E-5FD7-4117-9247-150AD1710EEE}.DLL-Import Release|Any CPU.ActiveCfg = Release|Any CPU
		{F8D8F89E-5FD7-4117-9247-150AD1710EEE}.DLL-Import Release|Any CPU.Build.0 = Release|Any CPU
		{F8D8F89E-5FD7-4117-9247-150AD1710EEE}.DLL-Import Release|Win32.ActiveCfg = Release|Any CPU
		{F8D8F89E-5FD7-4117-9247-150AD1710EEE}.DLL-Import Release|Win32.Build.0 = Release|Any CPU
		{F8D8F89E-5FD7-4117-9247-150AD1710EEE}.DLL-Import Release|x86.ActiveCfg = Release|Any CPU
		{F8D8F89E-5FD7-4117-9247-150AD1710EEE}.DLL-Import Release|x86.Build.0 = Release|Any CPU
		{F8D8F89E-5FD7-4117-9247-150AD1710EEE}.Release|Any CPU.ActiveCfg = Release|Any CPU
		{F8D8F89E-5FD7-4117-9247-150AD1710EEE}.Release|Any CPU.Build.0 = Release|Any CPU
		{F8D8F89E-5FD7-4117-9247-150AD1710EEE}.Release|Win32.ActiveCfg = Release|Any CPU
		{F8D8F89E-5FD7-4117-9247-150AD1710EEE}.Release|Win32.Build.0 = Release|Any CPU
		{F8D8F89E-5FD7-4117-9247-150AD1710EEE}.Release|x86.ActiveCfg = Release|Any CPU
		{F8D8F89E-5FD7-4117-9247-150AD1710EEE}.Release|x86.Build.0 = Release|Any CPU
		{05A1EE2B-60E7-47BE-92BD-856C4FD66E91}.Debug|Any CPU.ActiveCfg = Debug|Win32
		{05A1EE2B-60E7-47BE-92BD-856C4FD66E91}.Debug|Win32.ActiveCfg = Debug|Win32
		{05A1EE2B-60E7-47BE-92BD-856C4FD66E91}.Debug|Win32.Build.0 = Debug|Win32
		{05A1EE2B-60E7-47BE-92BD-856C4FD66E91}.Debug|x86.ActiveCfg = Debug|Win32
		{05A1EE2B-60E7-47BE-92BD-856C4FD66E91}.DLL-Import Debug|Any CPU.ActiveCfg = Release|Win32
		{05A1EE2B-60E7-47BE-92BD-856C4FD66E91}.DLL-Import Debug|Any CPU.Build.0 = Release|Win32
		{05A1EE2B-60E7-47BE-92BD-856C4FD66E91}.DLL-Import Debug|Win32.ActiveCfg = Debug|Win32
		{05A1EE2B-60E7-47BE-92BD-856C4FD66E91}.DLL-Import Debug|Win32.Build.0 = Debug|Win32
		{05A1EE2B-60E7-47BE-92BD-856C4FD66E91}.DLL-Import Debug|x86.ActiveCfg = Debug|Win32
		{05A1EE2B-60E7-47BE-92BD-856C4FD66E91}.DLL-Import Debug|x86.Build.0 = Debug|Win32
		{05A1EE2B-60E7-47BE-92BD-856C4FD66E91}.DLL-Import Release|Any CPU.ActiveCfg = Release|Win32
		{05A1EE2B-60E7-47BE-92BD-856C4FD66E91}.DLL-Import Release|Any CPU.Build.0 = Release|Win32
		{05A1EE2B-60E7-47BE-92BD-856C4FD66E91}.DLL-Import Release|Win32.ActiveCfg = Release|Win32
		{05A1EE2B-60E7-47BE-92BD-856C4FD66E91}.DLL-Import Release|Win32.Build.0 = Release|Win32
		{05A1EE2B-60E7-47BE-92BD-856C4FD66E91}.DLL-Import Release|x86.ActiveCfg = Release|Win32
		{05A1EE2B-60E7-47BE-92BD-856C4FD66E91}.DLL-Import Release|x86.Build.0 = Release|Win32
		{05A1EE2B-60E7-47BE-92BD-856C4FD66E91}.Release|Any CPU.ActiveCfg = Release|Win32
		{05A1EE2B-60E7-47BE-92BD-856C4FD66E91}.Release|Win32.ActiveCfg = Release|Win32
		{05A1EE2B-60E7-47BE-92BD-856C4FD66E91}.Release|Win32.Build.0 = Release|Win32
		{05A1EE2B-60E7-47BE-92BD-856C4FD66E91}.Release|x86.ActiveCfg = Release|Win32
		{09890BEC-8B97-43D9-92F8-FC905695DEF8}.Debug|Any CPU.ActiveCfg = Debug|Any CPU
		{09890BEC-8B97-43D9-92F8-FC905695DEF8}.Debug|Any CPU.Build.0 = Debug|Any CPU
		{09890BEC-8B97-43D9-92F8-FC905695DEF8}.Debug|Win32.ActiveCfg = Debug|Any CPU
		{09890BEC-8B97-43D9-92F8-FC905695DEF8}.Debug|Win32.Build.0 = Debug|Any CPU
		{09890BEC-8B97-43D9-92F8-FC905695DEF8}.Debug|x86.ActiveCfg = Debug|Any CPU
		{09890BEC-8B97-43D9-92F8-FC905695DEF8}.Debug|x86.Build.0 = Debug|Any CPU
		{09890BEC-8B97-43D9-92F8-FC905695DEF8}.DLL-Import Debug|Any CPU.ActiveCfg = Debug|Any CPU
		{09890BEC-8B97-43D9-92F8-FC905695DEF8}.DLL-Import Debug|Any CPU.Build.0 = Debug|Any CPU
		{09890BEC-8B97-43D9-92F8-FC905695DEF8}.DLL-Import Debug|Win32.ActiveCfg = Debug|Any CPU
		{09890BEC-8B97-43D9-92F8-FC905695DEF8}.DLL-Import Debug|Win32.Build.0 = Debug|Any CPU
		{09890BEC-8B97-43D9-92F8-FC905695DEF8}.DLL-Import Debug|x86.ActiveCfg = Debug|Any CPU
		{09890BEC-8B97-43D9-92F8-FC905695DEF8}.DLL-Import Debug|x86.Build.0 = Debug|Any CPU
		{09890BEC-8B97-43D9-92F8-FC905695DEF8}.DLL-Import Release|Any CPU.ActiveCfg = Release|Any CPU
		{09890BEC-8B97-43D9-92F8-FC905695DEF8}.DLL-Import Release|Any CPU.Build.0 = Release|Any CPU
		{09890BEC-8B97-43D9-92F8-FC905695DEF8}.DLL-Import Release|Win32.ActiveCfg = Release|Any CPU
		{09890BEC-8B97-43D9-92F8-FC905695DEF8}.DLL-Import Release|Win32.Build.0 = Release|Any CPU
		{09890BEC-8B97-43D9-92F8-FC905695DEF8}.DLL-Import Release|x86.ActiveCfg = Release|Any CPU
		{09890BEC-8B97-43D9-92F8-FC905695DEF8}.DLL-Import Release|x86.Build.0 = Release|Any CPU
		{09890BEC-8B97-43D9-92F8-FC905695DEF8}.Release|Any CPU.ActiveCfg = Release|Any CPU
		{09890BEC-8B97-43D9-92F8-FC905695DEF8}.Release|Any CPU.Build.0 = Release|Any CPU
		{09890BEC-8B97-43D9-92F8-FC905695DEF8}.Release|Win32.ActiveCfg = Release|Any CPU
		{09890BEC-8B97-43D9-92F8-FC905695DEF8}.Release|Win32.Build.0 = Release|Any CPU
		{09890BEC-8B97-43D9-92F8-FC905695DEF8}.Release|x86.ActiveCfg = Release|Any CPU
		{09890BEC-8B97-43D9-92F8-FC905695DEF8}.Release|x86.Build.0 = Release|Any CPU
		{1089E60F-2A58-4CC9-8D69-BA5864BC501F}.Debug|Any CPU.ActiveCfg = Debug|Any CPU
		{1089E60F-2A58-4CC9-8D69-BA5864BC501F}.Debug|Any CPU.Build.0 = Debug|Any CPU
		{1089E60F-2A58-4CC9-8D69-BA5864BC501F}.Debug|Win32.ActiveCfg = Debug|Any CPU
		{1089E60F-2A58-4CC9-8D69-BA5864BC501F}.Debug|Win32.Build.0 = Debug|Any CPU
		{1089E60F-2A58-4CC9-8D69-BA5864BC501F}.Debug|x86.ActiveCfg = Debug|Any CPU
		{1089E60F-2A58-4CC9-8D69-BA5864BC501F}.Debug|x86.Build.0 = Debug|Any CPU
		{1089E60F-2A58-4CC9-8D69-BA5864BC501F}.DLL-Import Debug|Any CPU.ActiveCfg = Debug|Any CPU
		{1089E60F-2A58-4CC9-8D69-BA5864BC501F}.DLL-Import Debug|Any CPU.Build.0 = Debug|Any CPU
		{1089E60F-2A58-4CC9-8D69-BA5864BC501F}.DLL-Import Debug|Win32.ActiveCfg = Debug|Any CPU
		{1089E60F-2A58-4CC9-8D69-BA5864BC501F}.DLL-Import Debug|Win32.Build.0 = Debug|Any CPU
		{1089E60F-2A58-4CC9-8D69-BA5864BC501F}.DLL-Import Debug|x86.ActiveCfg = Debug|Any CPU
		{1089E60F-2A58-4CC9-8D69-BA5864BC501F}.DLL-Import Debug|x86.Build.0 = Debug|Any CPU
		{1089E60F-2A58-4CC9-8D69-BA5864BC501F}.DLL-Import Release|Any CPU.ActiveCfg = Release|Any CPU
		{1089E60F-2A58-4CC9-8D69-BA5864BC501F}.DLL-Import Release|Any CPU.Build.0 = Release|Any CPU
		{1089E60F-2A58-4CC9-8D69-BA5864BC501F}.DLL-Import Release|Win32.ActiveCfg = Release|Any CPU
		{1089E60F-2A58-4CC9-8D69-BA5864BC501F}.DLL-Import Release|Win32.Build.0 = Release|Any CPU
		{1089E60F-2A58-4CC9-8D69-BA5864BC501F}.DLL-Import Release|x86.ActiveCfg = Release|Any CPU
		{1089E60F-2A58-4CC9-8D69-BA5864BC501F}.DLL-Import Release|x86.Build.0 = Release|Any CPU
		{1089E60F-2A58-4CC9-8D69-BA5864BC501F}.Release|Any CPU.ActiveCfg = Release|Any CPU
		{1089E60F-2A58-4CC9-8D69-BA5864BC501F}.Release|Any CPU.Build.0 = Release|Any CPU
		{1089E60F-2A58-4CC9-8D69-BA5864BC501F}.Release|Win32.ActiveCfg = Release|Any CPU
		{1089E60F-2A58-4CC9-8D69-BA5864BC501F}.Release|Win32.Build.0 = Release|Any CPU
		{1089E60F-2A58-4CC9-8D69-BA5864BC501F}.Release|x86.ActiveCfg = Release|Any CPU
		{1089E60F-2A58-4CC9-8D69-BA5864BC501F}.Release|x86.Build.0 = Release|Any CPU
		{CC756A84-BB41-4DFD-A1F7-A361641746D5}.Debug|Any CPU.ActiveCfg = Debug|Win32
		{CC756A84-BB41-4DFD-A1F7-A361641746D5}.Debug|Win32.ActiveCfg = Debug|Win32
		{CC756A84-BB41-4DFD-A1F7-A361641746D5}.Debug|Win32.Build.0 = Debug|Win32
		{CC756A84-BB41-4DFD-A1F7-A361641746D5}.Debug|x86.ActiveCfg = Debug|Win32
		{CC756A84-BB41-4DFD-A1F7-A361641746D5}.Debug|x86.Build.0 = Debug|Win32
		{CC756A84-BB41-4DFD-A1F7-A361641746D5}.DLL-Import Debug|Any CPU.ActiveCfg = Release|Win32
		{CC756A84-BB41-4DFD-A1F7-A361641746D5}.DLL-Import Debug|Any CPU.Build.0 = Release|Win32
		{CC756A84-BB41-4DFD-A1F7-A361641746D5}.DLL-Import Debug|Win32.ActiveCfg = Debug|Win32
		{CC756A84-BB41-4DFD-A1F7-A361641746D5}.DLL-Import Debug|Win32.Build.0 = Debug|Win32
		{CC756A84-BB41-4DFD-A1F7-A361641746D5}.DLL-Import Debug|x86.ActiveCfg = Debug|Win32
		{CC756A84-BB41-4DFD-A1F7-A361641746D5}.DLL-Import Debug|x86.Build.0 = Debug|Win32
		{CC756A84-BB41-4DFD-A1F7-A361641746D5}.DLL-Import Release|Any CPU.ActiveCfg = Release|Win32
		{CC756A84-BB41-4DFD-A1F7-A361641746D5}.DLL-Import Release|Any CPU.Build.0 = Release|Win32
		{CC756A84-BB41-4DFD-A1F7-A361641746D5}.DLL-Import Release|Win32.ActiveCfg = Release|Win32
		{CC756A84-BB41-4DFD-A1F7-A361641746D5}.DLL-Import Release|Win32.Build.0 = Release|Win32
		{CC756A84-BB41-4DFD-A1F7-A361641746D5}.DLL-Import Release|x86.ActiveCfg = Release|Win32
		{CC756A84-BB41-4DFD-A1F7-A361641746D5}.DLL-Import Release|x86.Build.0 = Release|Win32
		{CC756A84-BB41-4DFD-A1F7-A361641746D5}.Release|Any CPU.ActiveCfg = Release|Win32
		{CC756A84-BB41-4DFD-A1F7-A361641746D5}.Release|Win32.ActiveCfg = Release|Win32
		{CC756A84-BB41-4DFD-A1F7-A361641746D5}.Release|Win32.Build.0 = Release|Win32
		{CC756A84-BB41-4DFD-A1F7-A361641746D5}.Release|x86.ActiveCfg = Release|Win32
		{CC756A84-BB41-4DFD-A1F7-A361641746D5}.Release|x86.Build.0 = Release|Win32
		{33C5C8DE-636D-4E3B-A1C3-E3C14AF4EBED}.Debug|Any CPU.ActiveCfg = Debug|Any CPU
		{33C5C8DE-636D-4E3B-A1C3-E3C14AF4EBED}.Debug|Any CPU.Build.0 = Debug|Any CPU
		{33C5C8DE-636D-4E3B-A1C3-E3C14AF4EBED}.Debug|Win32.ActiveCfg = Debug|x86
		{33C5C8DE-636D-4E3B-A1C3-E3C14AF4EBED}.Debug|Win32.Build.0 = Debug|x86
		{33C5C8DE-636D-4E3B-A1C3-E3C14AF4EBED}.Debug|x86.ActiveCfg = Debug|x86
		{33C5C8DE-636D-4E3B-A1C3-E3C14AF4EBED}.Debug|x86.Build.0 = Debug|x86
		{33C5C8DE-636D-4E3B-A1C3-E3C14AF4EBED}.DLL-Import Debug|Any CPU.ActiveCfg = Debug|Any CPU
		{33C5C8DE-636D-4E3B-A1C3-E3C14AF4EBED}.DLL-Import Debug|Any CPU.Build.0 = Debug|Any CPU
		{33C5C8DE-636D-4E3B-A1C3-E3C14AF4EBED}.DLL-Import Debug|Win32.ActiveCfg = Debug|x86
		{33C5C8DE-636D-4E3B-A1C3-E3C14AF4EBED}.DLL-Import Debug|Win32.Build.0 = Debug|x86
		{33C5C8DE-636D-4E3B-A1C3-E3C14AF4EBED}.DLL-Import Debug|x86.ActiveCfg = Debug|x86
		{33C5C8DE-636D-4E3B-A1C3-E3C14AF4EBED}.DLL-Import Debug|x86.Build.0 = Debug|x86
		{33C5C8DE-636D-4E3B-A1C3-E3C14AF4EBED}.DLL-Import Release|Any CPU.ActiveCfg = Release|Any CPU
		{33C5C8DE-636D-4E3B-A1C3-E3C14AF4EBED}.DLL-Import Release|Any CPU.Build.0 = Release|Any CPU
		{33C5C8DE-636D-4E3B-A1C3-E3C14AF4EBED}.DLL-Import Release|Win32.ActiveCfg = Release|x86
		{33C5C8DE-636D-4E3B-A1C3-E3C14AF4EBED}.DLL-Import Release|Win32.Build.0 = Release|x86
		{33C5C8DE-636D-4E3B-A1C3-E3C14AF4EBED}.DLL-Import Release|x86.ActiveCfg = Release|x86
		{33C5C8DE-636D-4E3B-A1C3-E3C14AF4EBED}.DLL-Import Release|x86.Build.0 = Release|x86
		{33C5C8DE-636D-4E3B-A1C3-E3C14AF4EBED}.Release|Any CPU.ActiveCfg = Release|Any CPU
		{33C5C8DE-636D-4E3B-A1C3-E3C14AF4EBED}.Release|Any CPU.Build.0 = Release|Any CPU
		{33C5C8DE-636D-4E3B-A1C3-E3C14AF4EBED}.Release|Win32.ActiveCfg = Release|x86
		{33C5C8DE-636D-4E3B-A1C3-E3C14AF4EBED}.Release|Win32.Build.0 = Release|x86
		{33C5C8DE-636D-4E3B-A1C3-E3C14AF4EBED}.Release|x86.ActiveCfg = Release|x86
		{33C5C8DE-636D-4E3B-A1C3-E3C14AF4EBED}.Release|x86.Build.0 = Release|x86
		{8D121D23-4359-49B0-BC9E-1E83F5F74364}.Debug|Any CPU.ActiveCfg = Debug|Win32
		{8D121D23-4359-49B0-BC9E-1E83F5F74364}.Debug|Win32.ActiveCfg = Debug|Win32
		{8D121D23-4359-49B0-BC9E-1E83F5F74364}.Debug|Win32.Build.0 = Debug|Win32
		{8D121D23-4359-49B0-BC9E-1E83F5F74364}.Debug|x86.ActiveCfg = Debug|Win32
		{8D121D23-4359-49B0-BC9E-1E83F5F74364}.Debug|x86.Build.0 = Debug|Win32
		{8D121D23-4359-49B0-BC9E-1E83F5F74364}.DLL-Import Debug|Any CPU.ActiveCfg = Release|Win32
		{8D121D23-4359-49B0-BC9E-1E83F5F74364}.DLL-Import Debug|Any CPU.Build.0 = Release|Win32
		{8D121D23-4359-49B0-BC9E-1E83F5F74364}.DLL-Import Debug|Win32.ActiveCfg = Debug|Win32
		{8D121D23-4359-49B0-BC9E-1E83F5F74364}.DLL-Import Debug|Win32.Build.0 = Debug|Win32
		{8D121D23-4359-49B0-BC9E-1E83F5F74364}.DLL-Import Debug|x86.ActiveCfg = Debug|Win32
		{8D121D23-4359-49B0-BC9E-1E83F5F74364}.DLL-Import Debug|x86.Build.0 = Debug|Win32
		{8D121D23-4359-49B0-BC9E-1E83F5F74364}.DLL-Import Release|Any CPU.ActiveCfg = Release|Win32
		{8D121D23-4359-49B0-BC9E-1E83F5F74364}.DLL-Import Release|Any CPU.Build.0 = Release|Win32
		{8D121D23-4359-49B0-BC9E-1E83F5F74364}.DLL-Import Release|Win32.ActiveCfg = Release|Win32
		{8D121D23-4359-49B0-BC9E-1E83F5F74364}.DLL-Import Release|Win32.Build.0 = Release|Win32
		{8D121D23-4359-49B0-BC9E-1E83F5F74364}.DLL-Import Release|x86.ActiveCfg = Release|Win32
		{8D121D23-4359-49B0-BC9E-1E83F5F74364}.DLL-Import Release|x86.Build.0 = Release|Win32
		{8D121D23-4359-49B0-BC9E-1E83F5F74364}.Release|Any CPU.ActiveCfg = Release|Win32
		{8D121D23-4359-49B0-BC9E-1E83F5F74364}.Release|Win32.ActiveCfg = Release|Win32
		{8D121D23-4359-49B0-BC9E-1E83F5F74364}.Release|Win32.Build.0 = Release|Win32
		{8D121D23-4359-49B0-BC9E-1E83F5F74364}.Release|x86.ActiveCfg = Release|Win32
		{8D121D23-4359-49B0-BC9E-1E83F5F74364}.Release|x86.Build.0 = Release|Win32
	EndGlobalSection
	GlobalSection(SolutionProperties) = preSolution
		HideSolutionNode = FALSE
	EndGlobalSection
EndGlobal
